
Microsoft Visual Studio Solution File, Format Version 12.00
# Visual Studio Version 16
VisualStudioVersion = 16.0.31515.178
MinimumVisualStudioVersion = 10.0.40219.1
Project("{FAE04EC0-301F-11D3-BF4B-00C04F79EFBC}") = "NewWebApp", "NewWebApp.csproj", "{5D1B0D15-5C88-481A-A260-86674C6EB37C}"
EndProject
Global
	GlobalSection(SolutionConfigurationPlatforms) = preSolution
		Debug|Any CPU = Debug|Any CPU
		Release|Any CPU = Release|Any CPU
	EndGlobalSection
	GlobalSection(ProjectConfigurationPlatforms) = postSolution
		{5D1B0D15-5C88-481A-A260-86674C6EB37C}.Debug|Any CPU.ActiveCfg = Debug|Any CPU
		{5D1B0D15-5C88-481A-A260-86674C6EB37C}.Debug|Any CPU.Build.0 = Debug|Any CPU
		{5D1B0D15-5C88-481A-A260-86674C6EB37C}.Release|Any CPU.ActiveCfg = Release|Any CPU
		{5D1B0D15-5C88-481A-A260-86674C6EB37C}.Release|Any CPU.Build.0 = Release|Any CPU
	EndGlobalSection
	GlobalSection(SolutionProperties) = preSolution
		HideSolutionNode = FALSE
	EndGlobalSection
	GlobalSection(ExtensibilityGlobals) = postSolution
		SolutionGuid = {A9B022EB-02C5-420E-96A4-6E2AF062016A}
	EndGlobalSection
EndGlobal
