
Microsoft Visual Studio Solution File, Format Version 12.00
# Visual Studio Version 16
VisualStudioVersion = 16.0.31515.178
MinimumVisualStudioVersion = 10.0.40219.1
Project("{FAE04EC0-301F-11D3-BF4B-00C04F79EFBC}") = "supermarket.eg", "supermarket.eg.csproj", "{BF2FEA46-AB16-4A2E-BE0C-362B3A8D681C}"
EndProject
Global
	GlobalSection(SolutionConfigurationPlatforms) = preSolution
		Debug|Any CPU = Debug|Any CPU
		Release|Any CPU = Release|Any CPU
	EndGlobalSection
	GlobalSection(ProjectConfigurationPlatforms) = postSolution
		{BF2FEA46-AB16-4A2E-BE0C-362B3A8D681C}.Debug|Any CPU.ActiveCfg = Debug|Any CPU
		{BF2FEA46-AB16-4A2E-BE0C-362B3A8D681C}.Debug|Any CPU.Build.0 = Debug|Any CPU
		{BF2FEA46-AB16-4A2E-BE0C-362B3A8D681C}.Release|Any CPU.ActiveCfg = Release|Any CPU
		{BF2FEA46-AB16-4A2E-BE0C-362B3A8D681C}.Release|Any CPU.Build.0 = Release|Any CPU
	EndGlobalSection
	GlobalSection(SolutionProperties) = preSolution
		HideSolutionNode = FALSE
	EndGlobalSection
	GlobalSection(ExtensibilityGlobals) = postSolution
		SolutionGuid = {50FC7050-5E27-448B-9BFD-CB3508A30508}
	EndGlobalSection
EndGlobal
